
Microsoft Visual Studio Solution File, Format Version 12.00
# Visual Studio Version 17
VisualStudioVersion = 17.3.32825.248
MinimumVisualStudioVersion = 10.0.40219.1
Project("{FAE04EC0-301F-11D3-BF4B-00C04F79EFBC}") = "FishConditionExpression", "FishConditionExpression\FishConditionExpression.csproj", "{09199704-139B-461F-A8F8-829872F7485C}"
EndProject
Global
	GlobalSection(SolutionConfigurationPlatforms) = preSolution
		Debug|Any CPU = Debug|Any CPU
		Release|Any CPU = Release|Any CPU
	EndGlobalSection
	GlobalSection(ProjectConfigurationPlatforms) = postSolution
		{09199704-139B-461F-A8F8-829872F7485C}.Debug|Any CPU.ActiveCfg = Debug|Any CPU
		{09199704-139B-461F-A8F8-829872F7485C}.Debug|Any CPU.Build.0 = Debug|Any CPU
		{09199704-139B-461F-A8F8-829872F7485C}.Release|Any CPU.ActiveCfg = Release|Any CPU
		{09199704-139B-461F-A8F8-829872F7485C}.Release|Any CPU.Build.0 = Release|Any CPU
	EndGlobalSection
	GlobalSection(SolutionProperties) = preSolution
		HideSolutionNode = FALSE
	EndGlobalSection
	GlobalSection(ExtensibilityGlobals) = postSolution
		SolutionGuid = {7B5772A7-38DC-4E40-B9F6-08151B6C27E2}
	EndGlobalSection
EndGlobal
